
Microsoft Visual Studio Solution File, Format Version 12.00
# Visual Studio 2013
VisualStudioVersion = 12.0.31101.0
MinimumVisualStudioVersion = 10.0.40219.1
Project("{FAE04EC0-301F-11D3-BF4B-00C04F79EFBC}") = "slimTweet", "slimTweet.csproj", "{B708DC88-118B-4BE4-80E3-8F02727BB3ED}"
EndProject
Project("{2150E333-8FDC-42A3-9474-1A3956D46DE8}") = "External", "External", "{331F4F4E-3CBD-4C03-BA92-3FBDF983C0DD}"
EndProject
Global
	GlobalSection(SolutionConfigurationPlatforms) = preSolution
		Debug|Any CPU = Debug|Any CPU
		Release|Any CPU = Release|Any CPU
	EndGlobalSection
	GlobalSection(ProjectConfigurationPlatforms) = postSolution
		{B708DC88-118B-4BE4-80E3-8F02727BB3ED}.Debug|Any CPU.ActiveCfg = Debug|Any CPU
		{B708DC88-118B-4BE4-80E3-8F02727BB3ED}.Debug|Any CPU.Build.0 = Debug|Any CPU
		{B708DC88-118B-4BE4-80E3-8F02727BB3ED}.Release|Any CPU.ActiveCfg = Release|Any CPU
		{B708DC88-118B-4BE4-80E3-8F02727BB3ED}.Release|Any CPU.Build.0 = Release|Any CPU
	EndGlobalSection
	GlobalSection(SolutionProperties) = preSolution
		HideSolutionNode = FALSE
	EndGlobalSection
EndGlobal
